{
  "requires": true,
  "lockfileVersion": 1,
  "dependencies": {
    "compass": {
      "version": "0.1.1",
      "resolved": "https://registry.npmjs.org/compass/-/compass-0.1.1.tgz",
      "integrity": "sha1-XFbV60QtEMGtWYnvXF6SXbYMYOE="
    },
    "sass": {
      "version": "1.0.0",
      "resolved": "https://registry.npmjs.org/sass/-/sass-1.0.0.tgz",
      "integrity": "sha512-xTPPjkPjsGVgbKO23y1C/Cgjb3CsIHDHrcDqY2+hekleKLU8n0N9AT5hVz4DlBmznlhD+LkeJgGxjiHqZ/HLpw=="
    }
  }
}
